// !$*UTF8*$!
{
	archiveVersion = 1;
	classes = {
	};
	objectVersion = 54;
	objects = {

/* Begin PBXBuildFile section */
		CCD767E7630640CA80A9662E /* Pods_MostPopularNYT.framework in Frameworks */ = {isa = PBXBuildFile; fileRef = 14B73698227B7F060357E5FA /* Pods_MostPopularNYT.framework */; };
		D57BB25F2659038000366C3D /* PostsTableVC.swift in Sources */ = {isa = PBXBuildFile; fileRef = D57BB25E2659038000366C3D /* PostsTableVC.swift */; };
		D57BB26726590D4500366C3D /* MainCollectionViewController.swift in Sources */ = {isa = PBXBuildFile; fileRef = D57BB26626590D4500366C3D /* MainCollectionViewController.swift */; };
		D57BB26A2659125800366C3D /* UserActionCell.swift in Sources */ = {isa = PBXBuildFile; fileRef = D57BB2692659125800366C3D /* UserActionCell.swift */; };
		D57BB26D265922E100366C3D /* Post.swift in Sources */ = {isa = PBXBuildFile; fileRef = D57BB26C265922E100366C3D /* Post.swift */; };
		D57BB2732659283700366C3D /* PostViewCell.swift in Sources */ = {isa = PBXBuildFile; fileRef = D57BB2722659283700366C3D /* PostViewCell.swift */; };
		D5BE42F42658F1F30096203F /* AppDelegate.swift in Sources */ = {isa = PBXBuildFile; fileRef = D5BE42F32658F1F30096203F /* AppDelegate.swift */; };
		D5BE42F62658F1F30096203F /* SceneDelegate.swift in Sources */ = {isa = PBXBuildFile; fileRef = D5BE42F52658F1F30096203F /* SceneDelegate.swift */; };
		D5BE42FE2658F1F30096203F /* MostPopularNYT.xcdatamodeld in Sources */ = {isa = PBXBuildFile; fileRef = D5BE42FC2658F1F30096203F /* MostPopularNYT.xcdatamodeld */; };
		D5BE43002658F1F40096203F /* Assets.xcassets in Resources */ = {isa = PBXBuildFile; fileRef = D5BE42FF2658F1F40096203F /* Assets.xcassets */; };
/* End PBXBuildFile section */

/* Begin PBXFileReference section */
		14B73698227B7F060357E5FA /* Pods_MostPopularNYT.framework */ = {isa = PBXFileReference; explicitFileType = wrapper.framework; includeInIndex = 0; path = Pods_MostPopularNYT.framework; sourceTree = BUILT_PRODUCTS_DIR; };
		D57BB25E2659038000366C3D /* PostsTableVC.swift */ = {isa = PBXFileReference; lastKnownFileType = sourcecode.swift; path = PostsTableVC.swift; sourceTree = "<group>"; };
		D57BB26626590D4500366C3D /* MainCollectionViewController.swift */ = {isa = PBXFileReference; lastKnownFileType = sourcecode.swift; path = MainCollectionViewController.swift; sourceTree = "<group>"; };
		D57BB2692659125800366C3D /* UserActionCell.swift */ = {isa = PBXFileReference; lastKnownFileType = sourcecode.swift; path = UserActionCell.swift; sourceTree = "<group>"; };
		D57BB26C265922E100366C3D /* Post.swift */ = {isa = PBXFileReference; lastKnownFileType = sourcecode.swift; path = Post.swift; sourceTree = "<group>"; };
		D57BB2722659283700366C3D /* PostViewCell.swift */ = {isa = PBXFileReference; lastKnownFileType = sourcecode.swift; path = PostViewCell.swift; sourceTree = "<group>"; };
		D5BE42F02658F1F30096203F /* MostPopularNYT.app */ = {isa = PBXFileReference; explicitFileType = wrapper.application; includeInIndex = 0; path = MostPopularNYT.app; sourceTree = BUILT_PRODUCTS_DIR; };
		D5BE42F32658F1F30096203F /* AppDelegate.swift */ = {isa = PBXFileReference; lastKnownFileType = sourcecode.swift; path = AppDelegate.swift; sourceTree = "<group>"; };
		D5BE42F52658F1F30096203F /* SceneDelegate.swift */ = {isa = PBXFileReference; lastKnownFileType = sourcecode.swift; path = SceneDelegate.swift; sourceTree = "<group>"; };
		D5BE42FD2658F1F30096203F /* MostPopularNYT.xcdatamodel */ = {isa = PBXFileReference; lastKnownFileType = wrapper.xcdatamodel; path = MostPopularNYT.xcdatamodel; sourceTree = "<group>"; };
		D5BE42FF2658F1F40096203F /* Assets.xcassets */ = {isa = PBXFileReference; lastKnownFileType = folder.assetcatalog; path = Assets.xcassets; sourceTree = "<group>"; };
		D5BE43042658F1F40096203F /* Info.plist */ = {isa = PBXFileReference; lastKnownFileType = text.plist.xml; path = Info.plist; sourceTree = "<group>"; };
		DCE2526AA44A1F11F2A2B2EF /* Pods-MostPopularNYT.release.xcconfig */ = {isa = PBXFileReference; includeInIndex = 1; lastKnownFileType = text.xcconfig; name = "Pods-MostPopularNYT.release.xcconfig"; path = "Target Support Files/Pods-MostPopularNYT/Pods-MostPopularNYT.release.xcconfig"; sourceTree = "<group>"; };
		EA0FC8DDD7695AE731FE5928 /* Pods-MostPopularNYT.debug.xcconfig */ = {isa = PBXFileReference; includeInIndex = 1; lastKnownFileType = text.xcconfig; name = "Pods-MostPopularNYT.debug.xcconfig"; path = "Target Support Files/Pods-MostPopularNYT/Pods-MostPopularNYT.debug.xcconfig"; sourceTree = "<group>"; };
/* End PBXFileReference section */

/* Begin PBXFrameworksBuildPhase section */
		D5BE42ED2658F1F20096203F /* Frameworks */ = {
			isa = PBXFrameworksBuildPhase;
			buildActionMask = 2147483647;
			files = (
				CCD767E7630640CA80A9662E /* Pods_MostPopularNYT.framework in Frameworks */,
			);
			runOnlyForDeploymentPostprocessing = 0;
		};
/* End PBXFrameworksBuildPhase section */

/* Begin PBXGroup section */
		24406DB5109C828671E54113 /* Frameworks */ = {
			isa = PBXGroup;
			children = (
				14B73698227B7F060357E5FA /* Pods_MostPopularNYT.framework */,
			);
			name = Frameworks;
			sourceTree = "<group>";
		};
		B04103A7A7F67960FC60D782 /* Pods */ = {
			isa = PBXGroup;
			children = (
				EA0FC8DDD7695AE731FE5928 /* Pods-MostPopularNYT.debug.xcconfig */,
				DCE2526AA44A1F11F2A2B2EF /* Pods-MostPopularNYT.release.xcconfig */,
			);
			path = Pods;
			sourceTree = "<group>";
		};
		D5BE42E72658F1F20096203F = {
			isa = PBXGroup;
			children = (
				D5BE42F22658F1F30096203F /* MostPopularNYT */,
				D5BE42F12658F1F30096203F /* Products */,
				B04103A7A7F67960FC60D782 /* Pods */,
				24406DB5109C828671E54113 /* Frameworks */,
			);
			sourceTree = "<group>";
		};
		D5BE42F12658F1F30096203F /* Products */ = {
			isa = PBXGroup;
			children = (
				D5BE42F02658F1F30096203F /* MostPopularNYT.app */,
			);
			name = Products;
			sourceTree = "<group>";
		};
		D5BE42F22658F1F30096203F /* MostPopularNYT */ = {
			isa = PBXGroup;
			children = (
				D5BE42F32658F1F30096203F /* AppDelegate.swift */,
				D5BE42F52658F1F30096203F /* SceneDelegate.swift */,
				D57BB2722659283700366C3D /* PostViewCell.swift */,
				D57BB2692659125800366C3D /* UserActionCell.swift */,
				D57BB26626590D4500366C3D /* MainCollectionViewController.swift */,
				D57BB26C265922E100366C3D /* Post.swift */,
				D57BB25E2659038000366C3D /* PostsTableVC.swift */,
				D5BE42FF2658F1F40096203F /* Assets.xcassets */,
				D5BE43042658F1F40096203F /* Info.plist */,
				D5BE42FC2658F1F30096203F /* MostPopularNYT.xcdatamodeld */,
			);
			path = MostPopularNYT;
			sourceTree = "<group>";
		};
/* End PBXGroup section */

/* Begin PBXNativeTarget section */
		D5BE42EF2658F1F20096203F /* MostPopularNYT */ = {
			isa = PBXNativeTarget;
			buildConfigurationList = D5BE43072658F1F40096203F /* Build configuration list for PBXNativeTarget "MostPopularNYT" */;
			buildPhases = (
				E1FEDB35C95256CAD3E732DF /* [CP] Check Pods Manifest.lock */,
				D5BE42EC2658F1F20096203F /* Sources */,
				D5BE42ED2658F1F20096203F /* Frameworks */,
				D5BE42EE2658F1F20096203F /* Resources */,
				2F658631D6CC88D43A140BF0 /* [CP] Embed Pods Frameworks */,
			);
			buildRules = (
			);
			dependencies = (
			);
			name = MostPopularNYT;
			productName = MostPopularNYT;
			productReference = D5BE42F02658F1F30096203F /* MostPopularNYT.app */;
			productType = "com.apple.product-type.application";
		};
/* End PBXNativeTarget section */

/* Begin PBXProject section */
		D5BE42E82658F1F20096203F /* Project object */ = {
			isa = PBXProject;
			attributes = {
				BuildIndependentTargetsInParallel = YES;
				LastSwiftUpdateCheck = 1240;
				LastUpgradeCheck = 1500;
				TargetAttributes = {
					D5BE42EF2658F1F20096203F = {
						CreatedOnToolsVersion = 12.4;
					};
				};
			};
			buildConfigurationList = D5BE42EB2658F1F20096203F /* Build configuration list for PBXProject "MostPopularNYT" */;
			compatibilityVersion = "Xcode 9.3";
			developmentRegion = en;
			hasScannedForEncodings = 0;
			knownRegions = (
				en,
				Base,
			);
			mainGroup = D5BE42E72658F1F20096203F;
			productRefGroup = D5BE42F12658F1F30096203F /* Products */;
			projectDirPath = "";
			projectRoot = "";
			targets = (
				D5BE42EF2658F1F20096203F /* MostPopularNYT */,
			);
		};
/* End PBXProject section */

/* Begin PBXResourcesBuildPhase section */
		D5BE42EE2658F1F20096203F /* Resources */ = {
			isa = PBXResourcesBuildPhase;
			buildActionMask = 2147483647;
			files = (
				D5BE43002658F1F40096203F /* Assets.xcassets in Resources */,
			);
			runOnlyForDeploymentPostprocessing = 0;
		};
/* End PBXResourcesBuildPhase section */

/* Begin PBXShellScriptBuildPhase section */
		2F658631D6CC88D43A140BF0 /* [CP] Embed Pods Frameworks */ = {
			isa = PBXShellScriptBuildPhase;
			buildActionMask = 2147483647;
			files = (
			);
			inputFileListPaths = (
				"${PODS_ROOT}/Target Support Files/Pods-MostPopularNYT/Pods-MostPopularNYT-frameworks-${CONFIGURATION}-input-files.xcfilelist",
			);
			name = "[CP] Embed Pods Frameworks";
			outputFileListPaths = (
				"${PODS_ROOT}/Target Support Files/Pods-MostPopularNYT/Pods-MostPopularNYT-frameworks-${CONFIGURATION}-output-files.xcfilelist",
			);
			runOnlyForDeploymentPostprocessing = 0;
			shellPath = /bin/sh;
			shellScript = "\"${PODS_ROOT}/Target Support Files/Pods-MostPopularNYT/Pods-MostPopularNYT-frameworks.sh\"\n";
			showEnvVarsInLog = 0;
		};
		E1FEDB35C95256CAD3E732DF /* [CP] Check Pods Manifest.lock */ = {
			isa = PBXShellScriptBuildPhase;
			buildActionMask = 2147483647;
			files = (
			);
			inputFileListPaths = (
			);
			inputPaths = (
				"${PODS_PODFILE_DIR_PATH}/Podfile.lock",
				"${PODS_ROOT}/Manifest.lock",
			);
			name = "[CP] Check Pods Manifest.lock";
			outputFileListPaths = (
			);
			outputPaths = (
				"$(DERIVED_FILE_DIR)/Pods-MostPopularNYT-checkManifestLockResult.txt",
			);
			runOnlyForDeploymentPostprocessing = 0;
			shellPath = /bin/sh;
			shellScript = "diff \"${PODS_PODFILE_DIR_PATH}/Podfile.lock\" \"${PODS_ROOT}/Manifest.lock\" > /dev/null\nif [ $? != 0 ] ; then\n    # print error to STDERR\n    echo \"error: The sandbox is not in sync with the Podfile.lock. Run 'pod install' or update your CocoaPods installation.\" >&2\n    exit 1\nfi\n# This output is used by Xcode 'outputs' to avoid re-running this script phase.\necho \"SUCCESS\" > \"${SCRIPT_OUTPUT_FILE_0}\"\n";
			showEnvVarsInLog = 0;
		};
/* End PBXShellScriptBuildPhase section */

/* Begin PBXSourcesBuildPhase section */
		D5BE42EC2658F1F20096203F /* Sources */ = {
			isa = PBXSourcesBuildPhase;
			buildActionMask = 2147483647;
			files = (
				D5BE42FE2658F1F30096203F /* MostPopularNYT.xcdatamodeld in Sources */,
				D57BB26726590D4500366C3D /* MainCollectionViewController.swift in Sources */,
				D57BB26A2659125800366C3D /* UserActionCell.swift in Sources */,
				D5BE42F42658F1F30096203F /* AppDelegate.swift in Sources */,
				D5BE42F62658F1F30096203F /* SceneDelegate.swift in Sources */,
				D57BB26D265922E100366C3D /* Post.swift in Sources */,
				D57BB2732659283700366C3D /* PostViewCell.swift in Sources */,
				D57BB25F2659038000366C3D /* PostsTableVC.swift in Sources */,
			);
			runOnlyForDeploymentPostprocessing = 0;
		};
/* End PBXSourcesBuildPhase section */

/* Begin XCBuildConfiguration section */
		D5BE43052658F1F40096203F /* Debug */ = {
			isa = XCBuildConfiguration;
			buildSettings = {
				ALWAYS_SEARCH_USER_PATHS = NO;
				CLANG_ANALYZER_NONNULL = YES;
				CLANG_ANALYZER_NUMBER_OBJECT_CONVERSION = YES_AGGRESSIVE;
				CLANG_CXX_LANGUAGE_STANDARD = "gnu++14";
				CLANG_CXX_LIBRARY = "libc++";
				CLANG_ENABLE_MODULES = YES;
				CLANG_ENABLE_OBJC_ARC = YES;
				CLANG_ENABLE_OBJC_WEAK = YES;
				CLANG_WARN_BLOCK_CAPTURE_AUTORELEASING = YES;
				CLANG_WARN_BOOL_CONVERSION = YES;
				CLANG_WARN_COMMA = YES;
				CLANG_WARN_CONSTANT_CONVERSION = YES;
				CLANG_WARN_DEPRECATED_OBJC_IMPLEMENTATIONS = YES;
				CLANG_WARN_DIRECT_OBJC_ISA_USAGE = YES_ERROR;
				CLANG_WARN_DOCUMENTATION_COMMENTS = YES;
				CLANG_WARN_EMPTY_BODY = YES;
				CLANG_WARN_ENUM_CONVERSION = YES;
				CLANG_WARN_INFINITE_RECURSION = YES;
				CLANG_WARN_INT_CONVERSION = YES;
				CLANG_WARN_NON_LITERAL_NULL_CONVERSION = YES;
				CLANG_WARN_OBJC_IMPLICIT_RETAIN_SELF = YES;
				CLANG_WARN_OBJC_LITERAL_CONVERSION = YES;
				CLANG_WARN_OBJC_ROOT_CLASS = YES_ERROR;
				CLANG_WARN_QUOTED_INCLUDE_IN_FRAMEWORK_HEADER = YES;
				CLANG_WARN_RANGE_LOOP_ANALYSIS = YES;
				CLANG_WARN_STRICT_PROTOTYPES = YES;
				CLANG_WARN_SUSPICIOUS_MOVE = YES;
				CLANG_WARN_UNGUARDED_AVAILABILITY = YES_AGGRESSIVE;
				CLANG_WARN_UNREACHABLE_CODE = YES;
				CLANG_WARN__DUPLICATE_METHOD_MATCH = YES;
				COPY_PHASE_STRIP = NO;
				DEBUG_INFORMATION_FORMAT = dwarf;
				ENABLE_STRICT_OBJC_MSGSEND = YES;
				ENABLE_TESTABILITY = YES;
				ENABLE_USER_SCRIPT_SANDBOXING = NO;
				GCC_C_LANGUAGE_STANDARD = gnu11;
				GCC_DYNAMIC_NO_PIC = NO;
				GCC_NO_COMMON_BLOCKS = YES;
				GCC_OPTIMIZATION_LEVEL = 0;
				GCC_PREPROCESSOR_DEFINITIONS = (
					"DEBUG=1",
					"$(inherited)",
				);
				GCC_WARN_64_TO_32_BIT_CONVERSION = YES;
				GCC_WARN_ABOUT_RETURN_TYPE = YES_ERROR;
				GCC_WARN_UNDECLARED_SELECTOR = YES;
				GCC_WARN_UNINITIALIZED_AUTOS = YES_AGGRESSIVE;
				GCC_WARN_UNUSED_FUNCTION = YES;
				GCC_WARN_UNUSED_VARIABLE = YES;
				IPHONEOS_DEPLOYMENT_TARGET = 12.0;
				MTL_ENABLE_DEBUG_INFO = INCLUDE_SOURCE;
				MTL_FAST_MATH = YES;
				ONLY_ACTIVE_ARCH = YES;
				SDKROOT = iphoneos;
				SWIFT_ACTIVE_COMPILATION_CONDITIONS = DEBUG;
				SWIFT_OPTIMIZATION_LEVEL = "-Onone";
			};
			name = Debug;
		};
		D5BE43062658F1F40096203F /* Release */ = {
			isa = XCBuildConfiguration;
			buildSettings = {
				ALWAYS_SEARCH_USER_PATHS = NO;
				CLANG_ANALYZER_NONNULL = YES;
				CLANG_ANALYZER_NUMBER_OBJECT_CONVERSION = YES_AGGRESSIVE;
				CLANG_CXX_LANGUAGE_STANDARD = "gnu++14";
				CLANG_CXX_LIBRARY = "libc++";
				CLANG_ENABLE_MODULES = YES;
				CLANG_ENABLE_OBJC_ARC = YES;
				CLANG_ENABLE_OBJC_WEAK = YES;
				CLANG_WARN_BLOCK_CAPTURE_AUTORELEASING = YES;
				CLANG_WARN_BOOL_CONVERSION = YES;
				CLANG_WARN_COMMA = YES;
				CLANG_WARN_CONSTANT_CONVERSION = YES;
				CLANG_WARN_DEPRECATED_OBJC_IMPLEMENTATIONS = YES;
				CLANG_WARN_DIRECT_OBJC_ISA_USAGE = YES_ERROR;
				CLANG_WARN_DOCUMENTATION_COMMENTS = YES;
				CLANG_WARN_EMPTY_BODY = YES;
				CLANG_WARN_ENUM_CONVERSION = YES;
				CLANG_WARN_INFINITE_RECURSION = YES;
				CLANG_WARN_INT_CONVERSION = YES;
				CLANG_WARN_NON_LITERAL_NULL_CONVERSION = YES;
				CLANG_WARN_OBJC_IMPLICIT_RETAIN_SELF = YES;
				CLANG_WARN_OBJC_LITERAL_CONVERSION = YES;
				CLANG_WARN_OBJC_ROOT_CLASS = YES_ERROR;
				CLANG_WARN_QUOTED_INCLUDE_IN_FRAMEWORK_HEADER = YES;
				CLANG_WARN_RANGE_LOOP_ANALYSIS = YES;
				CLANG_WARN_STRICT_PROTOTYPES = YES;
				CLANG_WARN_SUSPICIOUS_MOVE = YES;
				CLANG_WARN_UNGUARDED_AVAILABILITY = YES_AGGRESSIVE;
				CLANG_WARN_UNREACHABLE_CODE = YES;
				CLANG_WARN__DUPLICATE_METHOD_MATCH = YES;
				COPY_PHASE_STRIP = NO;
				DEBUG_INFORMATION_FORMAT = "dwarf-with-dsym";
				ENABLE_NS_ASSERTIONS = NO;
				ENABLE_STRICT_OBJC_MSGSEND = YES;
				ENABLE_USER_SCRIPT_SANDBOXING = NO;
				GCC_C_LANGUAGE_STANDARD = gnu11;
				GCC_NO_COMMON_BLOCKS = YES;
				GCC_WARN_64_TO_32_BIT_CONVERSION = YES;
				GCC_WARN_ABOUT_RETURN_TYPE = YES_ERROR;
				GCC_WARN_UNDECLARED_SELECTOR = YES;
				GCC_WARN_UNINITIALIZED_AUTOS = YES_AGGRESSIVE;
				GCC_WARN_UNUSED_FUNCTION = YES;
				GCC_WARN_UNUSED_VARIABLE = YES;
				IPHONEOS_DEPLOYMENT_TARGET = 12.0;
				MTL_ENABLE_DEBUG_INFO = NO;
				MTL_FAST_MATH = YES;
				SDKROOT = iphoneos;
				SWIFT_COMPILATION_MODE = wholemodule;
				SWIFT_OPTIMIZATION_LEVEL = "-O";
				VALIDATE_PRODUCT = YES;
			};
			name = Release;
		};
		D5BE43082658F1F40096203F /* Debug */ = {
			isa = XCBuildConfiguration;
			baseConfigurationReference = EA0FC8DDD7695AE731FE5928 /* Pods-MostPopularNYT.debug.xcconfig */;
			buildSettings = {
				ASSETCATALOG_COMPILER_APPICON_NAME = AppIcon;
				ASSETCATALOG_COMPILER_GLOBAL_ACCENT_COLOR_NAME = AccentColor;
				CODE_SIGN_STYLE = Automatic;
				DEVELOPMENT_TEAM = 37CALG48FF;
				INFOPLIST_FILE = MostPopularNYT/Info.plist;
				IPHONEOS_DEPLOYMENT_TARGET = 14.0;
				LD_RUNPATH_SEARCH_PATHS = (
					"$(inherited)",
					"@executable_path/Frameworks",
				);
				PRODUCT_BUNDLE_IDENTIFIER = desta.MostPopularNYT;
				PRODUCT_NAME = "$(TARGET_NAME)";
				SWIFT_VERSION = 5.0;
				TARGETED_DEVICE_FAMILY = "1,2";
			};
			name = Debug;
		};
		D5BE43092658F1F40096203F /* Release */ = {
			isa = XCBuildConfiguration;
			baseConfigurationReference = DCE2526AA44A1F11F2A2B2EF /* Pods-MostPopularNYT.release.xcconfig */;
			buildSettings = {
				ASSETCATALOG_COMPILER_APPICON_NAME = AppIcon;
				ASSETCATALOG_COMPILER_GLOBAL_ACCENT_COLOR_NAME = AccentColor;
				CODE_SIGN_STYLE = Automatic;
				DEVELOPMENT_TEAM = 37CALG48FF;
				INFOPLIST_FILE = MostPopularNYT/Info.plist;
				IPHONEOS_DEPLOYMENT_TARGET = 14.0;
				LD_RUNPATH_SEARCH_PATHS = (
					"$(inherited)",
					"@executable_path/Frameworks",
				);
				PRODUCT_BUNDLE_IDENTIFIER = desta.MostPopularNYT;
				PRODUCT_NAME = "$(TARGET_NAME)";
				SWIFT_VERSION = 5.0;
				TARGETED_DEVICE_FAMILY = "1,2";
			};
			name = Release;
		};
/* End XCBuildConfiguration section */

/* Begin XCConfigurationList section */
		D5BE42EB2658F1F20096203F /* Build configuration list for PBXProject "MostPopularNYT" */ = {
			isa = XCConfigurationList;
			buildConfigurations = (
				D5BE43052658F1F40096203F /* Debug */,
				D5BE43062658F1F40096203F /* Release */,
			);
			defaultConfigurationIsVisible = 0;
			defaultConfigurationName = Release;
		};
		D5BE43072658F1F40096203F /* Build configuration list for PBXNativeTarget "MostPopularNYT" */ = {
			isa = XCConfigurationList;
			buildConfigurations = (
				D5BE43082658F1F40096203F /* Debug */,
				D5BE43092658F1F40096203F /* Release */,
			);
			defaultConfigurationIsVisible = 0;
			defaultConfigurationName = Release;
		};
/* End XCConfigurationList section */

/* Begin XCVersionGroup section */
		D5BE42FC2658F1F30096203F /* MostPopularNYT.xcdatamodeld */ = {
			isa = XCVersionGroup;
			children = (
				D5BE42FD2658F1F30096203F /* MostPopularNYT.xcdatamodel */,
			);
			currentVersion = D5BE42FD2658F1F30096203F /* MostPopularNYT.xcdatamodel */;
			path = MostPopularNYT.xcdatamodeld;
			sourceTree = "<group>";
			versionGroupType = wrapper.xcdatamodel;
		};
/* End XCVersionGroup section */
	};
	rootObject = D5BE42E82658F1F20096203F /* Project object */;
}
